
Microsoft Visual Studio Solution File, Format Version 12.00
# Visual Studio Version 17
VisualStudioVersion = 17.1.32210.238
MinimumVisualStudioVersion = 10.0.40219.1
Project("{9A19103F-16F7-4668-BE54-9A1E7A4F7556}") = "QuizAPI", "QuizAPI\QuizAPI.csproj", "{13F332F2-1F52-412C-A93B-E2DB33FB5FAF}"
EndProject
Project("{2150E333-8FDC-42A3-9474-1A3956D46DE8}") = "Solution Items", "Solution Items", "{3241CAE4-ADD5-4ED0-AD71-4D01A4F9C92D}"
	ProjectSection(SolutionItems) = preProject
		.editorconfig = .editorconfig
	EndProjectSection
EndProject
Project("{9A19103F-16F7-4668-BE54-9A1E7A4F7556}") = "RabitMQConsole", "RabitMQConsole\RabitMQConsole.csproj", "{9089F082-4A56-4311-922B-2D8D6DD1DAD2}"
EndProject
Project("{9A19103F-16F7-4668-BE54-9A1E7A4F7556}") = "Entity", "Entity\Entity.csproj", "{B52CADC3-A917-46FF-8AC8-CE81197B0906}"
EndProject
Project("{2150E333-8FDC-42A3-9474-1A3956D46DE8}") = "Repository", "Repository", "{AE904A45-3BC5-4215-AFE6-B5D94D7EE7F8}"
EndProject
Project("{9A19103F-16F7-4668-BE54-9A1E7A4F7556}") = "Interface", "Interface\Interface.csproj", "{6C2E25E0-AE88-49D8-9DFB-82511D4E5541}"
EndProject
Project("{9A19103F-16F7-4668-BE54-9A1E7A4F7556}") = "Repository", "Repository\Repository.csproj", "{5294008C-7D37-452C-865A-7FBFBF102A85}"
EndProject
Project("{2150E333-8FDC-42A3-9474-1A3956D46DE8}") = "Services", "Services", "{FD42BBF6-8C77-4CFE-990E-904E7A929BF0}"
EndProject
Project("{9A19103F-16F7-4668-BE54-9A1E7A4F7556}") = "DTO", "DTO\DTO.csproj", "{37ECEB4F-457D-454B-A745-C7E78A17FFB1}"
EndProject
Project("{9A19103F-16F7-4668-BE54-9A1E7A4F7556}") = "Interface.Services", "Interface.Services\Interface.Services.csproj", "{2E72DF72-CEFC-4602-B167-6F62A215D487}"
EndProject
Project("{9A19103F-16F7-4668-BE54-9A1E7A4F7556}") = "Services", "Services\Services.csproj", "{A8F984B8-973F-4DB1-9A4A-0422A60757AB}"
EndProject
Project("{2150E333-8FDC-42A3-9474-1A3956D46DE8}") = "Mapper", "Mapper", "{50DB6EA3-7468-43B0-A310-138274E32EF3}"
EndProject
Project("{FAE04EC0-301F-11D3-BF4B-00C04F79EFBC}") = "AutoMapperConfig", "AutoMapperConfig\AutoMapperConfig.csproj", "{392524C5-69C6-44BB-8306-38B7F4D6EA2A}"
EndProject
Project("{2150E333-8FDC-42A3-9474-1A3956D46DE8}") = "Injection", "Injection", "{8C681D6E-6827-4717-B1BD-0944C5E0F539}"
EndProject
Project("{FAE04EC0-301F-11D3-BF4B-00C04F79EFBC}") = "Injection", "Injection\Injection.csproj", "{5BF47668-85D6-4284-9690-334AB99C529A}"
EndProject
Global
	GlobalSection(SolutionConfigurationPlatforms) = preSolution
		Debug|Any CPU = Debug|Any CPU
		Release|Any CPU = Release|Any CPU
	EndGlobalSection
	GlobalSection(ProjectConfigurationPlatforms) = postSolution
		{13F332F2-1F52-412C-A93B-E2DB33FB5FAF}.Debug|Any CPU.ActiveCfg = Debug|Any CPU
		{13F332F2-1F52-412C-A93B-E2DB33FB5FAF}.Debug|Any CPU.Build.0 = Debug|Any CPU
		{13F332F2-1F52-412C-A93B-E2DB33FB5FAF}.Release|Any CPU.ActiveCfg = Release|Any CPU
		{13F332F2-1F52-412C-A93B-E2DB33FB5FAF}.Release|Any CPU.Build.0 = Release|Any CPU
		{9089F082-4A56-4311-922B-2D8D6DD1DAD2}.Debug|Any CPU.ActiveCfg = Debug|Any CPU
		{9089F082-4A56-4311-922B-2D8D6DD1DAD2}.Debug|Any CPU.Build.0 = Debug|Any CPU
		{9089F082-4A56-4311-922B-2D8D6DD1DAD2}.Release|Any CPU.ActiveCfg = Release|Any CPU
		{9089F082-4A56-4311-922B-2D8D6DD1DAD2}.Release|Any CPU.Build.0 = Release|Any CPU
		{B52CADC3-A917-46FF-8AC8-CE81197B0906}.Debug|Any CPU.ActiveCfg = Debug|Any CPU
		{B52CADC3-A917-46FF-8AC8-CE81197B0906}.Debug|Any CPU.Build.0 = Debug|Any CPU
		{B52CADC3-A917-46FF-8AC8-CE81197B0906}.Release|Any CPU.ActiveCfg = Release|Any CPU
		{B52CADC3-A917-46FF-8AC8-CE81197B0906}.Release|Any CPU.Build.0 = Release|Any CPU
		{6C2E25E0-AE88-49D8-9DFB-82511D4E5541}.Debug|Any CPU.ActiveCfg = Debug|Any CPU
		{6C2E25E0-AE88-49D8-9DFB-82511D4E5541}.Debug|Any CPU.Build.0 = Debug|Any CPU
		{6C2E25E0-AE88-49D8-9DFB-82511D4E5541}.Release|Any CPU.ActiveCfg = Release|Any CPU
		{6C2E25E0-AE88-49D8-9DFB-82511D4E5541}.Release|Any CPU.Build.0 = Release|Any CPU
		{5294008C-7D37-452C-865A-7FBFBF102A85}.Debug|Any CPU.ActiveCfg = Debug|Any CPU
		{5294008C-7D37-452C-865A-7FBFBF102A85}.Debug|Any CPU.Build.0 = Debug|Any CPU
		{5294008C-7D37-452C-865A-7FBFBF102A85}.Release|Any CPU.ActiveCfg = Release|Any CPU
		{5294008C-7D37-452C-865A-7FBFBF102A85}.Release|Any CPU.Build.0 = Release|Any CPU
		{37ECEB4F-457D-454B-A745-C7E78A17FFB1}.Debug|Any CPU.ActiveCfg = Debug|Any CPU
		{37ECEB4F-457D-454B-A745-C7E78A17FFB1}.Debug|Any CPU.Build.0 = Debug|Any CPU
		{37ECEB4F-457D-454B-A745-C7E78A17FFB1}.Release|Any CPU.ActiveCfg = Release|Any CPU
		{37ECEB4F-457D-454B-A745-C7E78A17FFB1}.Release|Any CPU.Build.0 = Release|Any CPU
		{2E72DF72-CEFC-4602-B167-6F62A215D487}.Debug|Any CPU.ActiveCfg = Debug|Any CPU
		{2E72DF72-CEFC-4602-B167-6F62A215D487}.Debug|Any CPU.Build.0 = Debug|Any CPU
		{2E72DF72-CEFC-4602-B167-6F62A215D487}.Release|Any CPU.ActiveCfg = Release|Any CPU
		{2E72DF72-CEFC-4602-B167-6F62A215D487}.Release|Any CPU.Build.0 = Release|Any CPU
		{A8F984B8-973F-4DB1-9A4A-0422A60757AB}.Debug|Any CPU.ActiveCfg = Debug|Any CPU
		{A8F984B8-973F-4DB1-9A4A-0422A60757AB}.Debug|Any CPU.Build.0 = Debug|Any CPU
		{A8F984B8-973F-4DB1-9A4A-0422A60757AB}.Release|Any CPU.ActiveCfg = Release|Any CPU
		{A8F984B8-973F-4DB1-9A4A-0422A60757AB}.Release|Any CPU.Build.0 = Release|Any CPU
		{392524C5-69C6-44BB-8306-38B7F4D6EA2A}.Debug|Any CPU.ActiveCfg = Debug|Any CPU
		{392524C5-69C6-44BB-8306-38B7F4D6EA2A}.Debug|Any CPU.Build.0 = Debug|Any CPU
		{392524C5-69C6-44BB-8306-38B7F4D6EA2A}.Release|Any CPU.ActiveCfg = Release|Any CPU
		{392524C5-69C6-44BB-8306-38B7F4D6EA2A}.Release|Any CPU.Build.0 = Release|Any CPU
		{5BF47668-85D6-4284-9690-334AB99C529A}.Debug|Any CPU.ActiveCfg = Debug|Any CPU
		{5BF47668-85D6-4284-9690-334AB99C529A}.Debug|Any CPU.Build.0 = Debug|Any CPU
		{5BF47668-85D6-4284-9690-334AB99C529A}.Release|Any CPU.ActiveCfg = Release|Any CPU
		{5BF47668-85D6-4284-9690-334AB99C529A}.Release|Any CPU.Build.0 = Release|Any CPU
	EndGlobalSection
	GlobalSection(SolutionProperties) = preSolution
		HideSolutionNode = FALSE
	EndGlobalSection
	GlobalSection(NestedProjects) = preSolution
		{B52CADC3-A917-46FF-8AC8-CE81197B0906} = {AE904A45-3BC5-4215-AFE6-B5D94D7EE7F8}
		{6C2E25E0-AE88-49D8-9DFB-82511D4E5541} = {AE904A45-3BC5-4215-AFE6-B5D94D7EE7F8}
		{5294008C-7D37-452C-865A-7FBFBF102A85} = {AE904A45-3BC5-4215-AFE6-B5D94D7EE7F8}
		{37ECEB4F-457D-454B-A745-C7E78A17FFB1} = {FD42BBF6-8C77-4CFE-990E-904E7A929BF0}
		{2E72DF72-CEFC-4602-B167-6F62A215D487} = {FD42BBF6-8C77-4CFE-990E-904E7A929BF0}
		{A8F984B8-973F-4DB1-9A4A-0422A60757AB} = {FD42BBF6-8C77-4CFE-990E-904E7A929BF0}
		{392524C5-69C6-44BB-8306-38B7F4D6EA2A} = {50DB6EA3-7468-43B0-A310-138274E32EF3}
		{5BF47668-85D6-4284-9690-334AB99C529A} = {8C681D6E-6827-4717-B1BD-0944C5E0F539}
	EndGlobalSection
	GlobalSection(ExtensibilityGlobals) = postSolution
		SolutionGuid = {BEB5A61B-6A48-4662-B9E5-7EE2AB62033F}
	EndGlobalSection
EndGlobal
